
Microsoft Visual Studio Solution File, Format Version 12.00
# Visual Studio 15
VisualStudioVersion = 15.0.26124.0
MinimumVisualStudioVersion = 15.0.26124.0
Project("{FAE04EC0-301F-11D3-BF4B-00C04F79EFBC}") = "Gateway", "Gateway\Gateway.csproj", "{334E2779-338A-478C-8551-6999FE776B44}"
EndProject
Project("{2150E333-8FDC-42A3-9474-1A3956D46DE8}") = "Services", "Services", "{BB463D1F-DCAB-4EB1-BE5F-4DEBC27E146B}"
EndProject
Project("{FAE04EC0-301F-11D3-BF4B-00C04F79EFBC}") = "Quiz", "Services\Quiz\Quiz.csproj", "{81A7332C-4B26-4E84-9DCB-078EF377CE5E}"
EndProject
Project("{FAE04EC0-301F-11D3-BF4B-00C04F79EFBC}") = "Usuario", "Services\Usuario\Usuario.csproj", "{72FBF131-5D0C-4ECD-AA05-3FE52D642CDF}"
EndProject
Global
	GlobalSection(SolutionConfigurationPlatforms) = preSolution
		Debug|Any CPU = Debug|Any CPU
		Debug|x64 = Debug|x64
		Debug|x86 = Debug|x86
		Release|Any CPU = Release|Any CPU
		Release|x64 = Release|x64
		Release|x86 = Release|x86
	EndGlobalSection
	GlobalSection(SolutionProperties) = preSolution
		HideSolutionNode = FALSE
	EndGlobalSection
	GlobalSection(ProjectConfigurationPlatforms) = postSolution
		{334E2779-338A-478C-8551-6999FE776B44}.Debug|Any CPU.ActiveCfg = Debug|Any CPU
		{334E2779-338A-478C-8551-6999FE776B44}.Debug|Any CPU.Build.0 = Debug|Any CPU
		{334E2779-338A-478C-8551-6999FE776B44}.Debug|x64.ActiveCfg = Debug|Any CPU
		{334E2779-338A-478C-8551-6999FE776B44}.Debug|x64.Build.0 = Debug|Any CPU
		{334E2779-338A-478C-8551-6999FE776B44}.Debug|x86.ActiveCfg = Debug|Any CPU
		{334E2779-338A-478C-8551-6999FE776B44}.Debug|x86.Build.0 = Debug|Any CPU
		{334E2779-338A-478C-8551-6999FE776B44}.Release|Any CPU.ActiveCfg = Release|Any CPU
		{334E2779-338A-478C-8551-6999FE776B44}.Release|Any CPU.Build.0 = Release|Any CPU
		{334E2779-338A-478C-8551-6999FE776B44}.Release|x64.ActiveCfg = Release|Any CPU
		{334E2779-338A-478C-8551-6999FE776B44}.Release|x64.Build.0 = Release|Any CPU
		{334E2779-338A-478C-8551-6999FE776B44}.Release|x86.ActiveCfg = Release|Any CPU
		{334E2779-338A-478C-8551-6999FE776B44}.Release|x86.Build.0 = Release|Any CPU
		{81A7332C-4B26-4E84-9DCB-078EF377CE5E}.Debug|Any CPU.ActiveCfg = Debug|Any CPU
		{81A7332C-4B26-4E84-9DCB-078EF377CE5E}.Debug|Any CPU.Build.0 = Debug|Any CPU
		{81A7332C-4B26-4E84-9DCB-078EF377CE5E}.Debug|x64.ActiveCfg = Debug|Any CPU
		{81A7332C-4B26-4E84-9DCB-078EF377CE5E}.Debug|x64.Build.0 = Debug|Any CPU
		{81A7332C-4B26-4E84-9DCB-078EF377CE5E}.Debug|x86.ActiveCfg = Debug|Any CPU
		{81A7332C-4B26-4E84-9DCB-078EF377CE5E}.Debug|x86.Build.0 = Debug|Any CPU
		{81A7332C-4B26-4E84-9DCB-078EF377CE5E}.Release|Any CPU.ActiveCfg = Release|Any CPU
		{81A7332C-4B26-4E84-9DCB-078EF377CE5E}.Release|Any CPU.Build.0 = Release|Any CPU
		{81A7332C-4B26-4E84-9DCB-078EF377CE5E}.Release|x64.ActiveCfg = Release|Any CPU
		{81A7332C-4B26-4E84-9DCB-078EF377CE5E}.Release|x64.Build.0 = Release|Any CPU
		{81A7332C-4B26-4E84-9DCB-078EF377CE5E}.Release|x86.ActiveCfg = Release|Any CPU
		{81A7332C-4B26-4E84-9DCB-078EF377CE5E}.Release|x86.Build.0 = Release|Any CPU
		{72FBF131-5D0C-4ECD-AA05-3FE52D642CDF}.Debug|Any CPU.ActiveCfg = Debug|Any CPU
		{72FBF131-5D0C-4ECD-AA05-3FE52D642CDF}.Debug|Any CPU.Build.0 = Debug|Any CPU
		{72FBF131-5D0C-4ECD-AA05-3FE52D642CDF}.Debug|x64.ActiveCfg = Debug|Any CPU
		{72FBF131-5D0C-4ECD-AA05-3FE52D642CDF}.Debug|x64.Build.0 = Debug|Any CPU
		{72FBF131-5D0C-4ECD-AA05-3FE52D642CDF}.Debug|x86.ActiveCfg = Debug|Any CPU
		{72FBF131-5D0C-4ECD-AA05-3FE52D642CDF}.Debug|x86.Build.0 = Debug|Any CPU
		{72FBF131-5D0C-4ECD-AA05-3FE52D642CDF}.Release|Any CPU.ActiveCfg = Release|Any CPU
		{72FBF131-5D0C-4ECD-AA05-3FE52D642CDF}.Release|Any CPU.Build.0 = Release|Any CPU
		{72FBF131-5D0C-4ECD-AA05-3FE52D642CDF}.Release|x64.ActiveCfg = Release|Any CPU
		{72FBF131-5D0C-4ECD-AA05-3FE52D642CDF}.Release|x64.Build.0 = Release|Any CPU
		{72FBF131-5D0C-4ECD-AA05-3FE52D642CDF}.Release|x86.ActiveCfg = Release|Any CPU
		{72FBF131-5D0C-4ECD-AA05-3FE52D642CDF}.Release|x86.Build.0 = Release|Any CPU
	EndGlobalSection
	GlobalSection(NestedProjects) = preSolution
		{81A7332C-4B26-4E84-9DCB-078EF377CE5E} = {BB463D1F-DCAB-4EB1-BE5F-4DEBC27E146B}
		{72FBF131-5D0C-4ECD-AA05-3FE52D642CDF} = {BB463D1F-DCAB-4EB1-BE5F-4DEBC27E146B}
	EndGlobalSection
EndGlobal
